// !$*UTF8*$!
{
	archiveVersion = 1;
	classes = {
	};
	objectVersion = 56;
	objects = {

/* Begin PBXBuildFile section */
		5E559EC5298A8DE1008472E7 /* AppDelegate.swift in Sources */ = {isa = PBXBuildFile; fileRef = 5E559EC4298A8DE1008472E7 /* AppDelegate.swift */; };
		5E559EC7298A8DE1008472E7 /* SceneDelegate.swift in Sources */ = {isa = PBXBuildFile; fileRef = 5E559EC6298A8DE1008472E7 /* SceneDelegate.swift */; };
		5E559EC9298A8DE1008472E7 /* ViewController.swift in Sources */ = {isa = PBXBuildFile; fileRef = 5E559EC8298A8DE1008472E7 /* ViewController.swift */; };
		5E559ECC298A8DE1008472E7 /* Main.storyboard in Resources */ = {isa = PBXBuildFile; fileRef = 5E559ECA298A8DE1008472E7 /* Main.storyboard */; };
		5E559ECE298A8DE3008472E7 /* Assets.xcassets in Resources */ = {isa = PBXBuildFile; fileRef = 5E559ECD298A8DE3008472E7 /* Assets.xcassets */; };
		5E559ED1298A8DE3008472E7 /* LaunchScreen.storyboard in Resources */ = {isa = PBXBuildFile; fileRef = 5E559ECF298A8DE3008472E7 /* LaunchScreen.storyboard */; };
		5E559EDC298A8DE3008472E7 /* PhotoFrameTests.swift in Sources */ = {isa = PBXBuildFile; fileRef = 5E559EDB298A8DE3008472E7 /* PhotoFrameTests.swift */; };
		5E559EE6298A8DE3008472E7 /* PhotoFrameUITests.swift in Sources */ = {isa = PBXBuildFile; fileRef = 5E559EE5298A8DE3008472E7 /* PhotoFrameUITests.swift */; };
		5E559EE8298A8DE3008472E7 /* PhotoFrameUITestsLaunchTests.swift in Sources */ = {isa = PBXBuildFile; fileRef = 5E559EE7298A8DE3008472E7 /* PhotoFrameUITestsLaunchTests.swift */; };
/* End PBXBuildFile section */

/* Begin PBXContainerItemProxy section */
		5E559ED8298A8DE3008472E7 /* PBXContainerItemProxy */ = {
			isa = PBXContainerItemProxy;
			containerPortal = 5E559EB9298A8DE1008472E7 /* Project object */;
			proxyType = 1;
			remoteGlobalIDString = 5E559EC0298A8DE1008472E7;
			remoteInfo = PhotoFrame;
		};
		5E559EE2298A8DE3008472E7 /* PBXContainerItemProxy */ = {
			isa = PBXContainerItemProxy;
			containerPortal = 5E559EB9298A8DE1008472E7 /* Project object */;
			proxyType = 1;
			remoteGlobalIDString = 5E559EC0298A8DE1008472E7;
			remoteInfo = PhotoFrame;
		};
/* End PBXContainerItemProxy section */

/* Begin PBXFileReference section */
		5E559EC1298A8DE1008472E7 /* PhotoFrame.app */ = {isa = PBXFileReference; explicitFileType = wrapper.application; includeInIndex = 0; path = PhotoFrame.app; sourceTree = BUILT_PRODUCTS_DIR; };
		5E559EC4298A8DE1008472E7 /* AppDelegate.swift */ = {isa = PBXFileReference; lastKnownFileType = sourcecode.swift; path = AppDelegate.swift; sourceTree = "<group>"; };
		5E559EC6298A8DE1008472E7 /* SceneDelegate.swift */ = {isa = PBXFileReference; lastKnownFileType = sourcecode.swift; path = SceneDelegate.swift; sourceTree = "<group>"; };
		5E559EC8298A8DE1008472E7 /* ViewController.swift */ = {isa = PBXFileReference; lastKnownFileType = sourcecode.swift; path = ViewController.swift; sourceTree = "<group>"; };
		5E559ECB298A8DE1008472E7 /* Base */ = {isa = PBXFileReference; lastKnownFileType = file.storyboard; name = Base; path = Base.lproj/Main.storyboard; sourceTree = "<group>"; };
		5E559ECD298A8DE3008472E7 /* Assets.xcassets */ = {isa = PBXFileReference; lastKnownFileType = folder.assetcatalog; path = Assets.xcassets; sourceTree = "<group>"; };
		5E559ED0298A8DE3008472E7 /* Base */ = {isa = PBXFileReference; lastKnownFileType = file.storyboard; name = Base; path = Base.lproj/LaunchScreen.storyboard; sourceTree = "<group>"; };
		5E559ED2298A8DE3008472E7 /* Info.plist */ = {isa = PBXFileReference; lastKnownFileType = text.plist.xml; path = Info.plist; sourceTree = "<group>"; };
		5E559ED7298A8DE3008472E7 /* PhotoFrameTests.xctest */ = {isa = PBXFileReference; explicitFileType = wrapper.cfbundle; includeInIndex = 0; path = PhotoFrameTests.xctest; sourceTree = BUILT_PRODUCTS_DIR; };
		5E559EDB298A8DE3008472E7 /* PhotoFrameTests.swift */ = {isa = PBXFileReference; lastKnownFileType = sourcecode.swift; path = PhotoFrameTests.swift; sourceTree = "<group>"; };
		5E559EE1298A8DE3008472E7 /* PhotoFrameUITests.xctest */ = {isa = PBXFileReference; explicitFileType = wrapper.cfbundle; includeInIndex = 0; path = PhotoFrameUITests.xctest; sourceTree = BUILT_PRODUCTS_DIR; };
		5E559EE5298A8DE3008472E7 /* PhotoFrameUITests.swift */ = {isa = PBXFileReference; lastKnownFileType = sourcecode.swift; path = PhotoFrameUITests.swift; sourceTree = "<group>"; };
		5E559EE7298A8DE3008472E7 /* PhotoFrameUITestsLaunchTests.swift */ = {isa = PBXFileReference; lastKnownFileType = sourcecode.swift; path = PhotoFrameUITestsLaunchTests.swift; sourceTree = "<group>"; };
/* End PBXFileReference section */

/* Begin PBXFrameworksBuildPhase section */
		5E559EBE298A8DE1008472E7 /* Frameworks */ = {
			isa = PBXFrameworksBuildPhase;
			buildActionMask = 2147483647;
			files = (
			);
			runOnlyForDeploymentPostprocessing = 0;
		};
		5E559ED4298A8DE3008472E7 /* Frameworks */ = {
			isa = PBXFrameworksBuildPhase;
			buildActionMask = 2147483647;
			files = (
			);
			runOnlyForDeploymentPostprocessing = 0;
		};
		5E559EDE298A8DE3008472E7 /* Frameworks */ = {
			isa = PBXFrameworksBuildPhase;
			buildActionMask = 2147483647;
			files = (
			);
			runOnlyForDeploymentPostprocessing = 0;
		};
/* End PBXFrameworksBuildPhase section */

/* Begin PBXGroup section */
		5E559EB8298A8DE1008472E7 = {
			isa = PBXGroup;
			children = (
				5E559EC3298A8DE1008472E7 /* PhotoFrame */,
				5E559EDA298A8DE3008472E7 /* PhotoFrameTests */,
				5E559EE4298A8DE3008472E7 /* PhotoFrameUITests */,
				5E559EC2298A8DE1008472E7 /* Products */,
			);
			sourceTree = "<group>";
		};
		5E559EC2298A8DE1008472E7 /* Products */ = {
			isa = PBXGroup;
			children = (
				5E559EC1298A8DE1008472E7 /* PhotoFrame.app */,
				5E559ED7298A8DE3008472E7 /* PhotoFrameTests.xctest */,
				5E559EE1298A8DE3008472E7 /* PhotoFrameUITests.xctest */,
			);
			name = Products;
			sourceTree = "<group>";
		};
		5E559EC3298A8DE1008472E7 /* PhotoFrame */ = {
			isa = PBXGroup;
			children = (
				5E559EC4298A8DE1008472E7 /* AppDelegate.swift */,
				5E559EC6298A8DE1008472E7 /* SceneDelegate.swift */,
				5E559EC8298A8DE1008472E7 /* ViewController.swift */,
				5E559ECA298A8DE1008472E7 /* Main.storyboard */,
				5E559ECD298A8DE3008472E7 /* Assets.xcassets */,
				5E559ECF298A8DE3008472E7 /* LaunchScreen.storyboard */,
				5E559ED2298A8DE3008472E7 /* Info.plist */,
			);
			path = PhotoFrame;
			sourceTree = "<group>";
		};
		5E559EDA298A8DE3008472E7 /* PhotoFrameTests */ = {
			isa = PBXGroup;
			children = (
				5E559EDB298A8DE3008472E7 /* PhotoFrameTests.swift */,
			);
			path = PhotoFrameTests;
			sourceTree = "<group>";
		};
		5E559EE4298A8DE3008472E7 /* PhotoFrameUITests */ = {
			isa = PBXGroup;
			children = (
				5E559EE5298A8DE3008472E7 /* PhotoFrameUITests.swift */,
				5E559EE7298A8DE3008472E7 /* PhotoFrameUITestsLaunchTests.swift */,
			);
			path = PhotoFrameUITests;
			sourceTree = "<group>";
		};
/* End PBXGroup section */

/* Begin PBXNativeTarget section */
		5E559EC0298A8DE1008472E7 /* PhotoFrame */ = {
			isa = PBXNativeTarget;
			buildConfigurationList = 5E559EEB298A8DE3008472E7 /* Build configuration list for PBXNativeTarget "PhotoFrame" */;
			buildPhases = (
				5E559EBD298A8DE1008472E7 /* Sources */,
				5E559EBE298A8DE1008472E7 /* Frameworks */,
				5E559EBF298A8DE1008472E7 /* Resources */,
			);
			buildRules = (
			);
			dependencies = (
			);
			name = PhotoFrame;
			productName = PhotoFrame;
			productReference = 5E559EC1298A8DE1008472E7 /* PhotoFrame.app */;
			productType = "com.apple.product-type.application";
		};
		5E559ED6298A8DE3008472E7 /* PhotoFrameTests */ = {
			isa = PBXNativeTarget;
			buildConfigurationList = 5E559EEE298A8DE3008472E7 /* Build configuration list for PBXNativeTarget "PhotoFrameTests" */;
			buildPhases = (
				5E559ED3298A8DE3008472E7 /* Sources */,
				5E559ED4298A8DE3008472E7 /* Frameworks */,
				5E559ED5298A8DE3008472E7 /* Resources */,
			);
			buildRules = (
			);
			dependencies = (
				5E559ED9298A8DE3008472E7 /* PBXTargetDependency */,
			);
			name = PhotoFrameTests;
			productName = PhotoFrameTests;
			productReference = 5E559ED7298A8DE3008472E7 /* PhotoFrameTests.xctest */;
			productType = "com.apple.product-type.bundle.unit-test";
		};
		5E559EE0298A8DE3008472E7 /* PhotoFrameUITests */ = {
			isa = PBXNativeTarget;
			buildConfigurationList = 5E559EF1298A8DE3008472E7 /* Build configuration list for PBXNativeTarget "PhotoFrameUITests" */;
			buildPhases = (
				5E559EDD298A8DE3008472E7 /* Sources */,
				5E559EDE298A8DE3008472E7 /* Frameworks */,
				5E559EDF298A8DE3008472E7 /* Resources */,
			);
			buildRules = (
			);
			dependencies = (
				5E559EE3298A8DE3008472E7 /* PBXTargetDependency */,
			);
			name = PhotoFrameUITests;
			productName = PhotoFrameUITests;
			productReference = 5E559EE1298A8DE3008472E7 /* PhotoFrameUITests.xctest */;
			productType = "com.apple.product-type.bundle.ui-testing";
		};
/* End PBXNativeTarget section */

/* Begin PBXProject section */
		5E559EB9298A8DE1008472E7 /* Project object */ = {
			isa = PBXProject;
			attributes = {
				BuildIndependentTargetsInParallel = 1;
				LastSwiftUpdateCheck = 1420;
				LastUpgradeCheck = 1420;
				TargetAttributes = {
					5E559EC0298A8DE1008472E7 = {
						CreatedOnToolsVersion = 14.2;
					};
					5E559ED6298A8DE3008472E7 = {
						CreatedOnToolsVersion = 14.2;
						TestTargetID = 5E559EC0298A8DE1008472E7;
					};
					5E559EE0298A8DE3008472E7 = {
						CreatedOnToolsVersion = 14.2;
						TestTargetID = 5E559EC0298A8DE1008472E7;
					};
				};
			};
			buildConfigurationList = 5E559EBC298A8DE1008472E7 /* Build configuration list for PBXProject "PhotoFrame" */;
			compatibilityVersion = "Xcode 14.0";
			developmentRegion = en;
			hasScannedForEncodings = 0;
			knownRegions = (
				en,
				Base,
			);
			mainGroup = 5E559EB8298A8DE1008472E7;
			productRefGroup = 5E559EC2298A8DE1008472E7 /* Products */;
			projectDirPath = "";
			projectRoot = "";
			targets = (
				5E559EC0298A8DE1008472E7 /* PhotoFrame */,
				5E559ED6298A8DE3008472E7 /* PhotoFrameTests */,
				5E559EE0298A8DE3008472E7 /* PhotoFrameUITests */,
			);
		};
/* End PBXProject section */

/* Begin PBXResourcesBuildPhase section */
		5E559EBF298A8DE1008472E7 /* Resources */ = {
			isa = PBXResourcesBuildPhase;
			buildActionMask = 2147483647;
			files = (
				5E559ED1298A8DE3008472E7 /* LaunchScreen.storyboard in Resources */,
				5E559ECE298A8DE3008472E7 /* Assets.xcassets in Resources */,
				5E559ECC298A8DE1008472E7 /* Main.storyboard in Resources */,
			);
			runOnlyForDeploymentPostprocessing = 0;
		};
		5E559ED5298A8DE3008472E7 /* Resources */ = {
			isa = PBXResourcesBuildPhase;
			buildActionMask = 2147483647;
			files = (
			);
			runOnlyForDeploymentPostprocessing = 0;
		};
		5E559EDF298A8DE3008472E7 /* Resources */ = {
			isa = PBXResourcesBuildPhase;
			buildActionMask = 2147483647;
			files = (
			);
			runOnlyForDeploymentPostprocessing = 0;
		};
/* End PBXResourcesBuildPhase section */

/* Begin PBXSourcesBuildPhase section */
		5E559EBD298A8DE1008472E7 /* Sources */ = {
			isa = PBXSourcesBuildPhase;
			buildActionMask = 2147483647;
			files = (
				5E559EC9298A8DE1008472E7 /* ViewController.swift in Sources */,
				5E559EC5298A8DE1008472E7 /* AppDelegate.swift in Sources */,
				5E559EC7298A8DE1008472E7 /* SceneDelegate.swift in Sources */,
			);
			runOnlyForDeploymentPostprocessing = 0;
		};
		5E559ED3298A8DE3008472E7 /* Sources */ = {
			isa = PBXSourcesBuildPhase;
			buildActionMask = 2147483647;
			files = (
				5E559EDC298A8DE3008472E7 /* PhotoFrameTests.swift in Sources */,
			);
			runOnlyForDeploymentPostprocessing = 0;
		};
		5E559EDD298A8DE3008472E7 /* Sources */ = {
			isa = PBXSourcesBuildPhase;
			buildActionMask = 2147483647;
			files = (
				5E559EE6298A8DE3008472E7 /* PhotoFrameUITests.swift in Sources */,
				5E559EE8298A8DE3008472E7 /* PhotoFrameUITestsLaunchTests.swift in Sources */,
			);
			runOnlyForDeploymentPostprocessing = 0;
		};
/* End PBXSourcesBuildPhase section */

/* Begin PBXTargetDependency section */
		5E559ED9298A8DE3008472E7 /* PBXTargetDependency */ = {
			isa = PBXTargetDependency;
			target = 5E559EC0298A8DE1008472E7 /* PhotoFrame */;
			targetProxy = 5E559ED8298A8DE3008472E7 /* PBXContainerItemProxy */;
		};
		5E559EE3298A8DE3008472E7 /* PBXTargetDependency */ = {
			isa = PBXTargetDependency;
			target = 5E559EC0298A8DE1008472E7 /* PhotoFrame */;
			targetProxy = 5E559EE2298A8DE3008472E7 /* PBXContainerItemProxy */;
		};
/* End PBXTargetDependency section */

/* Begin PBXVariantGroup section */
		5E559ECA298A8DE1008472E7 /* Main.storyboard */ = {
			isa = PBXVariantGroup;
			children = (
				5E559ECB298A8DE1008472E7 /* Base */,
			);
			name = Main.storyboard;
			sourceTree = "<group>";
		};
		5E559ECF298A8DE3008472E7 /* LaunchScreen.storyboard */ = {
			isa = PBXVariantGroup;
			children = (
				5E559ED0298A8DE3008472E7 /* Base */,
			);
			name = LaunchScreen.storyboard;
			sourceTree = "<group>";
		};
/* End PBXVariantGroup section */

/* Begin XCBuildConfiguration section */
		5E559EE9298A8DE3008472E7 /* Debug */ = {
			isa = XCBuildConfiguration;
			buildSettings = {
				ALWAYS_SEARCH_USER_PATHS = NO;
				CLANG_ANALYZER_NONNULL = YES;
				CLANG_ANALYZER_NUMBER_OBJECT_CONVERSION = YES_AGGRESSIVE;
				CLANG_CXX_LANGUAGE_STANDARD = "gnu++20";
				CLANG_ENABLE_MODULES = YES;
				CLANG_ENABLE_OBJC_ARC = YES;
				CLANG_ENABLE_OBJC_WEAK = YES;
				CLANG_WARN_BLOCK_CAPTURE_AUTORELEASING = YES;
				CLANG_WARN_BOOL_CONVERSION = YES;
				CLANG_WARN_COMMA = YES;
				CLANG_WARN_CONSTANT_CONVERSION = YES;
				CLANG_WARN_DEPRECATED_OBJC_IMPLEMENTATIONS = YES;
				CLANG_WARN_DIRECT_OBJC_ISA_USAGE = YES_ERROR;
				CLANG_WARN_DOCUMENTATION_COMMENTS = YES;
				CLANG_WARN_EMPTY_BODY = YES;
				CLANG_WARN_ENUM_CONVERSION = YES;
				CLANG_WARN_INFINITE_RECURSION = YES;
				CLANG_WARN_INT_CONVERSION = YES;
				CLANG_WARN_NON_LITERAL_NULL_CONVERSION = YES;
				CLANG_WARN_OBJC_IMPLICIT_RETAIN_SELF = YES;
				CLANG_WARN_OBJC_LITERAL_CONVERSION = YES;
				CLANG_WARN_OBJC_ROOT_CLASS = YES_ERROR;
				CLANG_WARN_QUOTED_INCLUDE_IN_FRAMEWORK_HEADER = YES;
				CLANG_WARN_RANGE_LOOP_ANALYSIS = YES;
				CLANG_WARN_STRICT_PROTOTYPES = YES;
				CLANG_WARN_SUSPICIOUS_MOVE = YES;
				CLANG_WARN_UNGUARDED_AVAILABILITY = YES_AGGRESSIVE;
				CLANG_WARN_UNREACHABLE_CODE = YES;
				CLANG_WARN__DUPLICATE_METHOD_MATCH = YES;
				COPY_PHASE_STRIP = NO;
				DEBUG_INFORMATION_FORMAT = dwarf;
				ENABLE_STRICT_OBJC_MSGSEND = YES;
				ENABLE_TESTABILITY = YES;
				GCC_C_LANGUAGE_STANDARD = gnu11;
				GCC_DYNAMIC_NO_PIC = NO;
				GCC_NO_COMMON_BLOCKS = YES;
				GCC_OPTIMIZATION_LEVEL = 0;
				GCC_PREPROCESSOR_DEFINITIONS = (
					"DEBUG=1",
					"$(inherited)",
				);
				GCC_WARN_64_TO_32_BIT_CONVERSION = YES;
				GCC_WARN_ABOUT_RETURN_TYPE = YES_ERROR;
				GCC_WARN_UNDECLARED_SELECTOR = YES;
				GCC_WARN_UNINITIALIZED_AUTOS = YES_AGGRESSIVE;
				GCC_WARN_UNUSED_FUNCTION = YES;
				GCC_WARN_UNUSED_VARIABLE = YES;
				IPHONEOS_DEPLOYMENT_TARGET = 16.2;
				MTL_ENABLE_DEBUG_INFO = INCLUDE_SOURCE;
				MTL_FAST_MATH = YES;
				ONLY_ACTIVE_ARCH = YES;
				SDKROOT = iphoneos;
				SWIFT_ACTIVE_COMPILATION_CONDITIONS = DEBUG;
				SWIFT_OPTIMIZATION_LEVEL = "-Onone";
			};
			name = Debug;
		};
		5E559EEA298A8DE3008472E7 /* Release */ = {
			isa = XCBuildConfiguration;
			buildSettings = {
				ALWAYS_SEARCH_USER_PATHS = NO;
				CLANG_ANALYZER_NONNULL = YES;
				CLANG_ANALYZER_NUMBER_OBJECT_CONVERSION = YES_AGGRESSIVE;
				CLANG_CXX_LANGUAGE_STANDARD = "gnu++20";
				CLANG_ENABLE_MODULES = YES;
				CLANG_ENABLE_OBJC_ARC = YES;
				CLANG_ENABLE_OBJC_WEAK = YES;
				CLANG_WARN_BLOCK_CAPTURE_AUTORELEASING = YES;
				CLANG_WARN_BOOL_CONVERSION = YES;
				CLANG_WARN_COMMA = YES;
				CLANG_WARN_CONSTANT_CONVERSION = YES;
				CLANG_WARN_DEPRECATED_OBJC_IMPLEMENTATIONS = YES;
				CLANG_WARN_DIRECT_OBJC_ISA_USAGE = YES_ERROR;
				CLANG_WARN_DOCUMENTATION_COMMENTS = YES;
				CLANG_WARN_EMPTY_BODY = YES;
				CLANG_WARN_ENUM_CONVERSION = YES;
				CLANG_WARN_INFINITE_RECURSION = YES;
				CLANG_WARN_INT_CONVERSION = YES;
				CLANG_WARN_NON_LITERAL_NULL_CONVERSION = YES;
				CLANG_WARN_OBJC_IMPLICIT_RETAIN_SELF = YES;
				CLANG_WARN_OBJC_LITERAL_CONVERSION = YES;
				CLANG_WARN_OBJC_ROOT_CLASS = YES_ERROR;
				CLANG_WARN_QUOTED_INCLUDE_IN_FRAMEWORK_HEADER = YES;
				CLANG_WARN_RANGE_LOOP_ANALYSIS = YES;
				CLANG_WARN_STRICT_PROTOTYPES = YES;
				CLANG_WARN_SUSPICIOUS_MOVE = YES;
				CLANG_WARN_UNGUARDED_AVAILABILITY = YES_AGGRESSIVE;
				CLANG_WARN_UNREACHABLE_CODE = YES;
				CLANG_WARN__DUPLICATE_METHOD_MATCH = YES;
				COPY_PHASE_STRIP = NO;
				DEBUG_INFORMATION_FORMAT = "dwarf-with-dsym";
				ENABLE_NS_ASSERTIONS = NO;
				ENABLE_STRICT_OBJC_MSGSEND = YES;
				GCC_C_LANGUAGE_STANDARD = gnu11;
				GCC_NO_COMMON_BLOCKS = YES;
				GCC_WARN_64_TO_32_BIT_CONVERSION = YES;
				GCC_WARN_ABOUT_RETURN_TYPE = YES_ERROR;
				GCC_WARN_UNDECLARED_SELECTOR = YES;
				GCC_WARN_UNINITIALIZED_AUTOS = YES_AGGRESSIVE;
				GCC_WARN_UNUSED_FUNCTION = YES;
				GCC_WARN_UNUSED_VARIABLE = YES;
				IPHONEOS_DEPLOYMENT_TARGET = 16.2;
				MTL_ENABLE_DEBUG_INFO = NO;
				MTL_FAST_MATH = YES;
				SDKROOT = iphoneos;
				SWIFT_COMPILATION_MODE = wholemodule;
				SWIFT_OPTIMIZATION_LEVEL = "-O";
				VALIDATE_PRODUCT = YES;
			};
			name = Release;
		};
		5E559EEC298A8DE3008472E7 /* Debug */ = {
			isa = XCBuildConfiguration;
			buildSettings = {
				ASSETCATALOG_COMPILER_APPICON_NAME = AppIcon;
				ASSETCATALOG_COMPILER_GLOBAL_ACCENT_COLOR_NAME = AccentColor;
				CODE_SIGN_STYLE = Automatic;
				CURRENT_PROJECT_VERSION = 1;
				GENERATE_INFOPLIST_FILE = YES;
				INFOPLIST_FILE = PhotoFrame/Info.plist;
				INFOPLIST_KEY_UIApplicationSupportsIndirectInputEvents = YES;
				INFOPLIST_KEY_UILaunchStoryboardName = LaunchScreen;
				INFOPLIST_KEY_UIMainStoryboardFile = Main;
				INFOPLIST_KEY_UISupportedInterfaceOrientations_iPad = "UIInterfaceOrientationPortrait UIInterfaceOrientationPortraitUpsideDown UIInterfaceOrientationLandscapeLeft UIInterfaceOrientationLandscapeRight";
				INFOPLIST_KEY_UISupportedInterfaceOrientations_iPhone = "UIInterfaceOrientationPortrait UIInterfaceOrientationLandscapeLeft UIInterfaceOrientationLandscapeRight";
				LD_RUNPATH_SEARCH_PATHS = (
					"$(inherited)",
					"@executable_path/Frameworks",
				);
				MARKETING_VERSION = 1.0;
				PRODUCT_BUNDLE_IDENTIFIER = com.example.PhotoFrame;
				PRODUCT_NAME = "$(TARGET_NAME)";
				SWIFT_EMIT_LOC_STRINGS = YES;
				SWIFT_VERSION = 5.0;
				TARGETED_DEVICE_FAMILY = "1,2";
			};
			name = Debug;
		};
		5E559EED298A8DE3008472E7 /* Release */ = {
			isa = XCBuildConfiguration;
			buildSettings = {
				ASSETCATALOG_COMPILER_APPICON_NAME = AppIcon;
				ASSETCATALOG_COMPILER_GLOBAL_ACCENT_COLOR_NAME = AccentColor;
				CODE_SIGN_STYLE = Automatic;
				CURRENT_PROJECT_VERSION = 1;
				GENERATE_INFOPLIST_FILE = YES;
				INFOPLIST_FILE = PhotoFrame/Info.plist;
				INFOPLIST_KEY_UIApplicationSupportsIndirectInputEvents = YES;
				INFOPLIST_KEY_UILaunchStoryboardName = LaunchScreen;
				INFOPLIST_KEY_UIMainStoryboardFile = Main;
				INFOPLIST_KEY_UISupportedInterfaceOrientations_iPad = "UIInterfaceOrientationPortrait UIInterfaceOrientationPortraitUpsideDown UIInterfaceOrientationLandscapeLeft UIInterfaceOrientationLandscapeRight";
				INFOPLIST_KEY_UISupportedInterfaceOrientations_iPhone = "UIInterfaceOrientationPortrait UIInterfaceOrientationLandscapeLeft UIInterfaceOrientationLandscapeRight";
				LD_RUNPATH_SEARCH_PATHS = (
					"$(inherited)",
					"@executable_path/Frameworks",
				);
				MARKETING_VERSION = 1.0;
				PRODUCT_BUNDLE_IDENTIFIER = com.example.PhotoFrame;
				PRODUCT_NAME = "$(TARGET_NAME)";
				SWIFT_EMIT_LOC_STRINGS = YES;
				SWIFT_VERSION = 5.0;
				TARGETED_DEVICE_FAMILY = "1,2";
			};
			name = Release;
		};
		5E559EEF298A8DE3008472E7 /* Debug */ = {
			isa = XCBuildConfiguration;
			buildSettings = {
				ALWAYS_EMBED_SWIFT_STANDARD_LIBRARIES = YES;
				BUNDLE_LOADER = "$(TEST_HOST)";
				CODE_SIGN_STYLE = Automatic;
				CURRENT_PROJECT_VERSION = 1;
				GENERATE_INFOPLIST_FILE = YES;
				IPHONEOS_DEPLOYMENT_TARGET = 16.2;
				MARKETING_VERSION = 1.0;
				PRODUCT_BUNDLE_IDENTIFIER = com.example.PhotoFrameTests;
				PRODUCT_NAME = "$(TARGET_NAME)";
				SWIFT_EMIT_LOC_STRINGS = NO;
				SWIFT_VERSION = 5.0;
				TARGETED_DEVICE_FAMILY = "1,2";
				TEST_HOST = "$(BUILT_PRODUCTS_DIR)/PhotoFrame.app/$(BUNDLE_EXECUTABLE_FOLDER_PATH)/PhotoFrame";
			};
			name = Debug;
		};
		5E559EF0298A8DE3008472E7 /* Release */ = {
			isa = XCBuildConfiguration;
			buildSettings = {
				ALWAYS_EMBED_SWIFT_STANDARD_LIBRARIES = YES;
				BUNDLE_LOADER = "$(TEST_HOST)";
				CODE_SIGN_STYLE = Automatic;
				CURRENT_PROJECT_VERSION = 1;
				GENERATE_INFOPLIST_FILE = YES;
				IPHONEOS_DEPLOYMENT_TARGET = 16.2;
				MARKETING_VERSION = 1.0;
				PRODUCT_BUNDLE_IDENTIFIER = com.example.PhotoFrameTests;
				PRODUCT_NAME = "$(TARGET_NAME)";
				SWIFT_EMIT_LOC_STRINGS = NO;
				SWIFT_VERSION = 5.0;
				TARGETED_DEVICE_FAMILY = "1,2";
				TEST_HOST = "$(BUILT_PRODUCTS_DIR)/PhotoFrame.app/$(BUNDLE_EXECUTABLE_FOLDER_PATH)/PhotoFrame";
			};
			name = Release;
		};
		5E559EF2298A8DE3008472E7 /* Debug */ = {
			isa = XCBuildConfiguration;
			buildSettings = {
				ALWAYS_EMBED_SWIFT_STANDARD_LIBRARIES = YES;
				CODE_SIGN_STYLE = Automatic;
				CURRENT_PROJECT_VERSION = 1;
				GENERATE_INFOPLIST_FILE = YES;
				MARKETING_VERSION = 1.0;
				PRODUCT_BUNDLE_IDENTIFIER = com.example.PhotoFrameUITests;
				PRODUCT_NAME = "$(TARGET_NAME)";
				SWIFT_EMIT_LOC_STRINGS = NO;
				SWIFT_VERSION = 5.0;
				TARGETED_DEVICE_FAMILY = "1,2";
				TEST_TARGET_NAME = PhotoFrame;
			};
			name = Debug;
		};
		5E559EF3298A8DE3008472E7 /* Release */ = {
			isa = XCBuildConfiguration;
			buildSettings = {
				ALWAYS_EMBED_SWIFT_STANDARD_LIBRARIES = YES;
				CODE_SIGN_STYLE = Automatic;
				CURRENT_PROJECT_VERSION = 1;
				GENERATE_INFOPLIST_FILE = YES;
				MARKETING_VERSION = 1.0;
				PRODUCT_BUNDLE_IDENTIFIER = com.example.PhotoFrameUITests;
				PRODUCT_NAME = "$(TARGET_NAME)";
				SWIFT_EMIT_LOC_STRINGS = NO;
				SWIFT_VERSION = 5.0;
				TARGETED_DEVICE_FAMILY = "1,2";
				TEST_TARGET_NAME = PhotoFrame;
			};
			name = Release;
		};
/* End XCBuildConfiguration section */

/* Begin XCConfigurationList section */
		5E559EBC298A8DE1008472E7 /* Build configuration list for PBXProject "PhotoFrame" */ = {
			isa = XCConfigurationList;
			buildConfigurations = (
				5E559EE9298A8DE3008472E7 /* Debug */,
				5E559EEA298A8DE3008472E7 /* Release */,
			);
			defaultConfigurationIsVisible = 0;
			defaultConfigurationName = Release;
		};
		5E559EEB298A8DE3008472E7 /* Build configuration list for PBXNativeTarget "PhotoFrame" */ = {
			isa = XCConfigurationList;
			buildConfigurations = (
				5E559EEC298A8DE3008472E7 /* Debug */,
				5E559EED298A8DE3008472E7 /* Release */,
			);
			defaultConfigurationIsVisible = 0;
			defaultConfigurationName = Release;
		};
		5E559EEE298A8DE3008472E7 /* Build configuration list for PBXNativeTarget "PhotoFrameTests" */ = {
			isa = XCConfigurationList;
			buildConfigurations = (
				5E559EEF298A8DE3008472E7 /* Debug */,
				5E559EF0298A8DE3008472E7 /* Release */,
			);
			defaultConfigurationIsVisible = 0;
			defaultConfigurationName = Release;
		};
		5E559EF1298A8DE3008472E7 /* Build configuration list for PBXNativeTarget "PhotoFrameUITests" */ = {
			isa = XCConfigurationList;
			buildConfigurations = (
				5E559EF2298A8DE3008472E7 /* Debug */,
				5E559EF3298A8DE3008472E7 /* Release */,
			);
			defaultConfigurationIsVisible = 0;
			defaultConfigurationName = Release;
		};
/* End XCConfigurationList section */
	};
	rootObject = 5E559EB9298A8DE1008472E7 /* Project object */;
}
