// !$*UTF8*$!
{
	archiveVersion = 1;
	classes = {
	};
	objectVersion = 56;
	objects = {

/* Begin PBXBuildFile section */
		5E559E8E29885A53008472E7 /* Checkpoint1App.swift in Sources */ = {isa = PBXBuildFile; fileRef = 5E559E8D29885A53008472E7 /* Checkpoint1App.swift */; };
		5E559E9029885A53008472E7 /* ContentView.swift in Sources */ = {isa = PBXBuildFile; fileRef = 5E559E8F29885A53008472E7 /* ContentView.swift */; };
		5E559E9229885A54008472E7 /* Assets.xcassets in Resources */ = {isa = PBXBuildFile; fileRef = 5E559E9129885A54008472E7 /* Assets.xcassets */; };
		5E559E9629885A54008472E7 /* Preview Assets.xcassets in Resources */ = {isa = PBXBuildFile; fileRef = 5E559E9529885A54008472E7 /* Preview Assets.xcassets */; };
		5E559EA029885A54008472E7 /* Checkpoint1Tests.swift in Sources */ = {isa = PBXBuildFile; fileRef = 5E559E9F29885A54008472E7 /* Checkpoint1Tests.swift */; };
		5E559EAA29885A54008472E7 /* Checkpoint1UITests.swift in Sources */ = {isa = PBXBuildFile; fileRef = 5E559EA929885A54008472E7 /* Checkpoint1UITests.swift */; };
		5E559EAC29885A54008472E7 /* Checkpoint1UITestsLaunchTests.swift in Sources */ = {isa = PBXBuildFile; fileRef = 5E559EAB29885A54008472E7 /* Checkpoint1UITestsLaunchTests.swift */; };
/* End PBXBuildFile section */

/* Begin PBXContainerItemProxy section */
		5E559E9C29885A54008472E7 /* PBXContainerItemProxy */ = {
			isa = PBXContainerItemProxy;
			containerPortal = 5E559E8229885A53008472E7 /* Project object */;
			proxyType = 1;
			remoteGlobalIDString = 5E559E8929885A53008472E7;
			remoteInfo = Checkpoint1;
		};
		5E559EA629885A54008472E7 /* PBXContainerItemProxy */ = {
			isa = PBXContainerItemProxy;
			containerPortal = 5E559E8229885A53008472E7 /* Project object */;
			proxyType = 1;
			remoteGlobalIDString = 5E559E8929885A53008472E7;
			remoteInfo = Checkpoint1;
		};
/* End PBXContainerItemProxy section */

/* Begin PBXFileReference section */
		5E559E8A29885A53008472E7 /* Checkpoint1.app */ = {isa = PBXFileReference; explicitFileType = wrapper.application; includeInIndex = 0; path = Checkpoint1.app; sourceTree = BUILT_PRODUCTS_DIR; };
		5E559E8D29885A53008472E7 /* Checkpoint1App.swift */ = {isa = PBXFileReference; lastKnownFileType = sourcecode.swift; path = Checkpoint1App.swift; sourceTree = "<group>"; };
		5E559E8F29885A53008472E7 /* ContentView.swift */ = {isa = PBXFileReference; lastKnownFileType = sourcecode.swift; path = ContentView.swift; sourceTree = "<group>"; };
		5E559E9129885A54008472E7 /* Assets.xcassets */ = {isa = PBXFileReference; lastKnownFileType = folder.assetcatalog; path = Assets.xcassets; sourceTree = "<group>"; };
		5E559E9329885A54008472E7 /* Checkpoint1.entitlements */ = {isa = PBXFileReference; lastKnownFileType = text.plist.entitlements; path = Checkpoint1.entitlements; sourceTree = "<group>"; };
		5E559E9529885A54008472E7 /* Preview Assets.xcassets */ = {isa = PBXFileReference; lastKnownFileType = folder.assetcatalog; path = "Preview Assets.xcassets"; sourceTree = "<group>"; };
		5E559E9B29885A54008472E7 /* Checkpoint1Tests.xctest */ = {isa = PBXFileReference; explicitFileType = wrapper.cfbundle; includeInIndex = 0; path = Checkpoint1Tests.xctest; sourceTree = BUILT_PRODUCTS_DIR; };
		5E559E9F29885A54008472E7 /* Checkpoint1Tests.swift */ = {isa = PBXFileReference; lastKnownFileType = sourcecode.swift; path = Checkpoint1Tests.swift; sourceTree = "<group>"; };
		5E559EA529885A54008472E7 /* Checkpoint1UITests.xctest */ = {isa = PBXFileReference; explicitFileType = wrapper.cfbundle; includeInIndex = 0; path = Checkpoint1UITests.xctest; sourceTree = BUILT_PRODUCTS_DIR; };
		5E559EA929885A54008472E7 /* Checkpoint1UITests.swift */ = {isa = PBXFileReference; lastKnownFileType = sourcecode.swift; path = Checkpoint1UITests.swift; sourceTree = "<group>"; };
		5E559EAB29885A54008472E7 /* Checkpoint1UITestsLaunchTests.swift */ = {isa = PBXFileReference; lastKnownFileType = sourcecode.swift; path = Checkpoint1UITestsLaunchTests.swift; sourceTree = "<group>"; };
/* End PBXFileReference section */

/* Begin PBXFrameworksBuildPhase section */
		5E559E8729885A53008472E7 /* Frameworks */ = {
			isa = PBXFrameworksBuildPhase;
			buildActionMask = 2147483647;
			files = (
			);
			runOnlyForDeploymentPostprocessing = 0;
		};
		5E559E9829885A54008472E7 /* Frameworks */ = {
			isa = PBXFrameworksBuildPhase;
			buildActionMask = 2147483647;
			files = (
			);
			runOnlyForDeploymentPostprocessing = 0;
		};
		5E559EA229885A54008472E7 /* Frameworks */ = {
			isa = PBXFrameworksBuildPhase;
			buildActionMask = 2147483647;
			files = (
			);
			runOnlyForDeploymentPostprocessing = 0;
		};
/* End PBXFrameworksBuildPhase section */

/* Begin PBXGroup section */
		5E559E8129885A53008472E7 = {
			isa = PBXGroup;
			children = (
				5E559E8C29885A53008472E7 /* Checkpoint1 */,
				5E559E9E29885A54008472E7 /* Checkpoint1Tests */,
				5E559EA829885A54008472E7 /* Checkpoint1UITests */,
				5E559E8B29885A53008472E7 /* Products */,
			);
			sourceTree = "<group>";
		};
		5E559E8B29885A53008472E7 /* Products */ = {
			isa = PBXGroup;
			children = (
				5E559E8A29885A53008472E7 /* Checkpoint1.app */,
				5E559E9B29885A54008472E7 /* Checkpoint1Tests.xctest */,
				5E559EA529885A54008472E7 /* Checkpoint1UITests.xctest */,
			);
			name = Products;
			sourceTree = "<group>";
		};
		5E559E8C29885A53008472E7 /* Checkpoint1 */ = {
			isa = PBXGroup;
			children = (
				5E559E8D29885A53008472E7 /* Checkpoint1App.swift */,
				5E559E8F29885A53008472E7 /* ContentView.swift */,
				5E559E9129885A54008472E7 /* Assets.xcassets */,
				5E559E9329885A54008472E7 /* Checkpoint1.entitlements */,
				5E559E9429885A54008472E7 /* Preview Content */,
			);
			path = Checkpoint1;
			sourceTree = "<group>";
		};
		5E559E9429885A54008472E7 /* Preview Content */ = {
			isa = PBXGroup;
			children = (
				5E559E9529885A54008472E7 /* Preview Assets.xcassets */,
			);
			path = "Preview Content";
			sourceTree = "<group>";
		};
		5E559E9E29885A54008472E7 /* Checkpoint1Tests */ = {
			isa = PBXGroup;
			children = (
				5E559E9F29885A54008472E7 /* Checkpoint1Tests.swift */,
			);
			path = Checkpoint1Tests;
			sourceTree = "<group>";
		};
		5E559EA829885A54008472E7 /* Checkpoint1UITests */ = {
			isa = PBXGroup;
			children = (
				5E559EA929885A54008472E7 /* Checkpoint1UITests.swift */,
				5E559EAB29885A54008472E7 /* Checkpoint1UITestsLaunchTests.swift */,
			);
			path = Checkpoint1UITests;
			sourceTree = "<group>";
		};
/* End PBXGroup section */

/* Begin PBXNativeTarget section */
		5E559E8929885A53008472E7 /* Checkpoint1 */ = {
			isa = PBXNativeTarget;
			buildConfigurationList = 5E559EAF29885A54008472E7 /* Build configuration list for PBXNativeTarget "Checkpoint1" */;
			buildPhases = (
				5E559E8629885A53008472E7 /* Sources */,
				5E559E8729885A53008472E7 /* Frameworks */,
				5E559E8829885A53008472E7 /* Resources */,
			);
			buildRules = (
			);
			dependencies = (
			);
			name = Checkpoint1;
			productName = Checkpoint1;
			productReference = 5E559E8A29885A53008472E7 /* Checkpoint1.app */;
			productType = "com.apple.product-type.application";
		};
		5E559E9A29885A54008472E7 /* Checkpoint1Tests */ = {
			isa = PBXNativeTarget;
			buildConfigurationList = 5E559EB229885A54008472E7 /* Build configuration list for PBXNativeTarget "Checkpoint1Tests" */;
			buildPhases = (
				5E559E9729885A54008472E7 /* Sources */,
				5E559E9829885A54008472E7 /* Frameworks */,
				5E559E9929885A54008472E7 /* Resources */,
			);
			buildRules = (
			);
			dependencies = (
				5E559E9D29885A54008472E7 /* PBXTargetDependency */,
			);
			name = Checkpoint1Tests;
			productName = Checkpoint1Tests;
			productReference = 5E559E9B29885A54008472E7 /* Checkpoint1Tests.xctest */;
			productType = "com.apple.product-type.bundle.unit-test";
		};
		5E559EA429885A54008472E7 /* Checkpoint1UITests */ = {
			isa = PBXNativeTarget;
			buildConfigurationList = 5E559EB529885A54008472E7 /* Build configuration list for PBXNativeTarget "Checkpoint1UITests" */;
			buildPhases = (
				5E559EA129885A54008472E7 /* Sources */,
				5E559EA229885A54008472E7 /* Frameworks */,
				5E559EA329885A54008472E7 /* Resources */,
			);
			buildRules = (
			);
			dependencies = (
				5E559EA729885A54008472E7 /* PBXTargetDependency */,
			);
			name = Checkpoint1UITests;
			productName = Checkpoint1UITests;
			productReference = 5E559EA529885A54008472E7 /* Checkpoint1UITests.xctest */;
			productType = "com.apple.product-type.bundle.ui-testing";
		};
/* End PBXNativeTarget section */

/* Begin PBXProject section */
		5E559E8229885A53008472E7 /* Project object */ = {
			isa = PBXProject;
			attributes = {
				BuildIndependentTargetsInParallel = 1;
				LastSwiftUpdateCheck = 1420;
				LastUpgradeCheck = 1420;
				TargetAttributes = {
					5E559E8929885A53008472E7 = {
						CreatedOnToolsVersion = 14.2;
					};
					5E559E9A29885A54008472E7 = {
						CreatedOnToolsVersion = 14.2;
						TestTargetID = 5E559E8929885A53008472E7;
					};
					5E559EA429885A54008472E7 = {
						CreatedOnToolsVersion = 14.2;
						TestTargetID = 5E559E8929885A53008472E7;
					};
				};
			};
			buildConfigurationList = 5E559E8529885A53008472E7 /* Build configuration list for PBXProject "Checkpoint1" */;
			compatibilityVersion = "Xcode 14.0";
			developmentRegion = en;
			hasScannedForEncodings = 0;
			knownRegions = (
				en,
				Base,
			);
			mainGroup = 5E559E8129885A53008472E7;
			productRefGroup = 5E559E8B29885A53008472E7 /* Products */;
			projectDirPath = "";
			projectRoot = "";
			targets = (
				5E559E8929885A53008472E7 /* Checkpoint1 */,
				5E559E9A29885A54008472E7 /* Checkpoint1Tests */,
				5E559EA429885A54008472E7 /* Checkpoint1UITests */,
			);
		};
/* End PBXProject section */

/* Begin PBXResourcesBuildPhase section */
		5E559E8829885A53008472E7 /* Resources */ = {
			isa = PBXResourcesBuildPhase;
			buildActionMask = 2147483647;
			files = (
				5E559E9629885A54008472E7 /* Preview Assets.xcassets in Resources */,
				5E559E9229885A54008472E7 /* Assets.xcassets in Resources */,
			);
			runOnlyForDeploymentPostprocessing = 0;
		};
		5E559E9929885A54008472E7 /* Resources */ = {
			isa = PBXResourcesBuildPhase;
			buildActionMask = 2147483647;
			files = (
			);
			runOnlyForDeploymentPostprocessing = 0;
		};
		5E559EA329885A54008472E7 /* Resources */ = {
			isa = PBXResourcesBuildPhase;
			buildActionMask = 2147483647;
			files = (
			);
			runOnlyForDeploymentPostprocessing = 0;
		};
/* End PBXResourcesBuildPhase section */

/* Begin PBXSourcesBuildPhase section */
		5E559E8629885A53008472E7 /* Sources */ = {
			isa = PBXSourcesBuildPhase;
			buildActionMask = 2147483647;
			files = (
				5E559E9029885A53008472E7 /* ContentView.swift in Sources */,
				5E559E8E29885A53008472E7 /* Checkpoint1App.swift in Sources */,
			);
			runOnlyForDeploymentPostprocessing = 0;
		};
		5E559E9729885A54008472E7 /* Sources */ = {
			isa = PBXSourcesBuildPhase;
			buildActionMask = 2147483647;
			files = (
				5E559EA029885A54008472E7 /* Checkpoint1Tests.swift in Sources */,
			);
			runOnlyForDeploymentPostprocessing = 0;
		};
		5E559EA129885A54008472E7 /* Sources */ = {
			isa = PBXSourcesBuildPhase;
			buildActionMask = 2147483647;
			files = (
				5E559EAC29885A54008472E7 /* Checkpoint1UITestsLaunchTests.swift in Sources */,
				5E559EAA29885A54008472E7 /* Checkpoint1UITests.swift in Sources */,
			);
			runOnlyForDeploymentPostprocessing = 0;
		};
/* End PBXSourcesBuildPhase section */

/* Begin PBXTargetDependency section */
		5E559E9D29885A54008472E7 /* PBXTargetDependency */ = {
			isa = PBXTargetDependency;
			target = 5E559E8929885A53008472E7 /* Checkpoint1 */;
			targetProxy = 5E559E9C29885A54008472E7 /* PBXContainerItemProxy */;
		};
		5E559EA729885A54008472E7 /* PBXTargetDependency */ = {
			isa = PBXTargetDependency;
			target = 5E559E8929885A53008472E7 /* Checkpoint1 */;
			targetProxy = 5E559EA629885A54008472E7 /* PBXContainerItemProxy */;
		};
/* End PBXTargetDependency section */

/* Begin XCBuildConfiguration section */
		5E559EAD29885A54008472E7 /* Debug */ = {
			isa = XCBuildConfiguration;
			buildSettings = {
				ALWAYS_SEARCH_USER_PATHS = NO;
				CLANG_ANALYZER_NONNULL = YES;
				CLANG_ANALYZER_NUMBER_OBJECT_CONVERSION = YES_AGGRESSIVE;
				CLANG_CXX_LANGUAGE_STANDARD = "gnu++20";
				CLANG_ENABLE_MODULES = YES;
				CLANG_ENABLE_OBJC_ARC = YES;
				CLANG_ENABLE_OBJC_WEAK = YES;
				CLANG_WARN_BLOCK_CAPTURE_AUTORELEASING = YES;
				CLANG_WARN_BOOL_CONVERSION = YES;
				CLANG_WARN_COMMA = YES;
				CLANG_WARN_CONSTANT_CONVERSION = YES;
				CLANG_WARN_DEPRECATED_OBJC_IMPLEMENTATIONS = YES;
				CLANG_WARN_DIRECT_OBJC_ISA_USAGE = YES_ERROR;
				CLANG_WARN_DOCUMENTATION_COMMENTS = YES;
				CLANG_WARN_EMPTY_BODY = YES;
				CLANG_WARN_ENUM_CONVERSION = YES;
				CLANG_WARN_INFINITE_RECURSION = YES;
				CLANG_WARN_INT_CONVERSION = YES;
				CLANG_WARN_NON_LITERAL_NULL_CONVERSION = YES;
				CLANG_WARN_OBJC_IMPLICIT_RETAIN_SELF = YES;
				CLANG_WARN_OBJC_LITERAL_CONVERSION = YES;
				CLANG_WARN_OBJC_ROOT_CLASS = YES_ERROR;
				CLANG_WARN_QUOTED_INCLUDE_IN_FRAMEWORK_HEADER = YES;
				CLANG_WARN_RANGE_LOOP_ANALYSIS = YES;
				CLANG_WARN_STRICT_PROTOTYPES = YES;
				CLANG_WARN_SUSPICIOUS_MOVE = YES;
				CLANG_WARN_UNGUARDED_AVAILABILITY = YES_AGGRESSIVE;
				CLANG_WARN_UNREACHABLE_CODE = YES;
				CLANG_WARN__DUPLICATE_METHOD_MATCH = YES;
				COPY_PHASE_STRIP = NO;
				DEBUG_INFORMATION_FORMAT = dwarf;
				ENABLE_STRICT_OBJC_MSGSEND = YES;
				ENABLE_TESTABILITY = YES;
				GCC_C_LANGUAGE_STANDARD = gnu11;
				GCC_DYNAMIC_NO_PIC = NO;
				GCC_NO_COMMON_BLOCKS = YES;
				GCC_OPTIMIZATION_LEVEL = 0;
				GCC_PREPROCESSOR_DEFINITIONS = (
					"DEBUG=1",
					"$(inherited)",
				);
				GCC_WARN_64_TO_32_BIT_CONVERSION = YES;
				GCC_WARN_ABOUT_RETURN_TYPE = YES_ERROR;
				GCC_WARN_UNDECLARED_SELECTOR = YES;
				GCC_WARN_UNINITIALIZED_AUTOS = YES_AGGRESSIVE;
				GCC_WARN_UNUSED_FUNCTION = YES;
				GCC_WARN_UNUSED_VARIABLE = YES;
				MTL_ENABLE_DEBUG_INFO = INCLUDE_SOURCE;
				MTL_FAST_MATH = YES;
				ONLY_ACTIVE_ARCH = YES;
				SWIFT_ACTIVE_COMPILATION_CONDITIONS = DEBUG;
				SWIFT_OPTIMIZATION_LEVEL = "-Onone";
			};
			name = Debug;
		};
		5E559EAE29885A54008472E7 /* Release */ = {
			isa = XCBuildConfiguration;
			buildSettings = {
				ALWAYS_SEARCH_USER_PATHS = NO;
				CLANG_ANALYZER_NONNULL = YES;
				CLANG_ANALYZER_NUMBER_OBJECT_CONVERSION = YES_AGGRESSIVE;
				CLANG_CXX_LANGUAGE_STANDARD = "gnu++20";
				CLANG_ENABLE_MODULES = YES;
				CLANG_ENABLE_OBJC_ARC = YES;
				CLANG_ENABLE_OBJC_WEAK = YES;
				CLANG_WARN_BLOCK_CAPTURE_AUTORELEASING = YES;
				CLANG_WARN_BOOL_CONVERSION = YES;
				CLANG_WARN_COMMA = YES;
				CLANG_WARN_CONSTANT_CONVERSION = YES;
				CLANG_WARN_DEPRECATED_OBJC_IMPLEMENTATIONS = YES;
				CLANG_WARN_DIRECT_OBJC_ISA_USAGE = YES_ERROR;
				CLANG_WARN_DOCUMENTATION_COMMENTS = YES;
				CLANG_WARN_EMPTY_BODY = YES;
				CLANG_WARN_ENUM_CONVERSION = YES;
				CLANG_WARN_INFINITE_RECURSION = YES;
				CLANG_WARN_INT_CONVERSION = YES;
				CLANG_WARN_NON_LITERAL_NULL_CONVERSION = YES;
				CLANG_WARN_OBJC_IMPLICIT_RETAIN_SELF = YES;
				CLANG_WARN_OBJC_LITERAL_CONVERSION = YES;
				CLANG_WARN_OBJC_ROOT_CLASS = YES_ERROR;
				CLANG_WARN_QUOTED_INCLUDE_IN_FRAMEWORK_HEADER = YES;
				CLANG_WARN_RANGE_LOOP_ANALYSIS = YES;
				CLANG_WARN_STRICT_PROTOTYPES = YES;
				CLANG_WARN_SUSPICIOUS_MOVE = YES;
				CLANG_WARN_UNGUARDED_AVAILABILITY = YES_AGGRESSIVE;
				CLANG_WARN_UNREACHABLE_CODE = YES;
				CLANG_WARN__DUPLICATE_METHOD_MATCH = YES;
				COPY_PHASE_STRIP = NO;
				DEBUG_INFORMATION_FORMAT = "dwarf-with-dsym";
				ENABLE_NS_ASSERTIONS = NO;
				ENABLE_STRICT_OBJC_MSGSEND = YES;
				GCC_C_LANGUAGE_STANDARD = gnu11;
				GCC_NO_COMMON_BLOCKS = YES;
				GCC_WARN_64_TO_32_BIT_CONVERSION = YES;
				GCC_WARN_ABOUT_RETURN_TYPE = YES_ERROR;
				GCC_WARN_UNDECLARED_SELECTOR = YES;
				GCC_WARN_UNINITIALIZED_AUTOS = YES_AGGRESSIVE;
				GCC_WARN_UNUSED_FUNCTION = YES;
				GCC_WARN_UNUSED_VARIABLE = YES;
				MTL_ENABLE_DEBUG_INFO = NO;
				MTL_FAST_MATH = YES;
				SWIFT_COMPILATION_MODE = wholemodule;
				SWIFT_OPTIMIZATION_LEVEL = "-O";
			};
			name = Release;
		};
		5E559EB029885A54008472E7 /* Debug */ = {
			isa = XCBuildConfiguration;
			buildSettings = {
				ASSETCATALOG_COMPILER_APPICON_NAME = AppIcon;
				ASSETCATALOG_COMPILER_GLOBAL_ACCENT_COLOR_NAME = AccentColor;
				CODE_SIGN_ENTITLEMENTS = Checkpoint1/Checkpoint1.entitlements;
				CODE_SIGN_STYLE = Automatic;
				CURRENT_PROJECT_VERSION = 1;
				DEVELOPMENT_ASSET_PATHS = "\"Checkpoint1/Preview Content\"";
				ENABLE_PREVIEWS = YES;
				GENERATE_INFOPLIST_FILE = YES;
				"INFOPLIST_KEY_UIApplicationSceneManifest_Generation[sdk=iphoneos*]" = YES;
				"INFOPLIST_KEY_UIApplicationSceneManifest_Generation[sdk=iphonesimulator*]" = YES;
				"INFOPLIST_KEY_UIApplicationSupportsIndirectInputEvents[sdk=iphoneos*]" = YES;
				"INFOPLIST_KEY_UIApplicationSupportsIndirectInputEvents[sdk=iphonesimulator*]" = YES;
				"INFOPLIST_KEY_UILaunchScreen_Generation[sdk=iphoneos*]" = YES;
				"INFOPLIST_KEY_UILaunchScreen_Generation[sdk=iphonesimulator*]" = YES;
				"INFOPLIST_KEY_UIStatusBarStyle[sdk=iphoneos*]" = UIStatusBarStyleDefault;
				"INFOPLIST_KEY_UIStatusBarStyle[sdk=iphonesimulator*]" = UIStatusBarStyleDefault;
				INFOPLIST_KEY_UISupportedInterfaceOrientations_iPad = "UIInterfaceOrientationPortrait UIInterfaceOrientationPortraitUpsideDown UIInterfaceOrientationLandscapeLeft UIInterfaceOrientationLandscapeRight";
				INFOPLIST_KEY_UISupportedInterfaceOrientations_iPhone = "UIInterfaceOrientationPortrait UIInterfaceOrientationLandscapeLeft UIInterfaceOrientationLandscapeRight";
				IPHONEOS_DEPLOYMENT_TARGET = 16.2;
				LD_RUNPATH_SEARCH_PATHS = "@executable_path/Frameworks";
				"LD_RUNPATH_SEARCH_PATHS[sdk=macosx*]" = "@executable_path/../Frameworks";
				MACOSX_DEPLOYMENT_TARGET = 13.1;
				MARKETING_VERSION = 1.0;
				PRODUCT_BUNDLE_IDENTIFIER = SwiftForBeginners.Checkpoint1;
				PRODUCT_NAME = "$(TARGET_NAME)";
				SDKROOT = auto;
				SUPPORTED_PLATFORMS = "iphoneos iphonesimulator macosx";
				SWIFT_EMIT_LOC_STRINGS = YES;
				SWIFT_VERSION = 5.0;
				TARGETED_DEVICE_FAMILY = "1,2";
			};
			name = Debug;
		};
		5E559EB129885A54008472E7 /* Release */ = {
			isa = XCBuildConfiguration;
			buildSettings = {
				ASSETCATALOG_COMPILER_APPICON_NAME = AppIcon;
				ASSETCATALOG_COMPILER_GLOBAL_ACCENT_COLOR_NAME = AccentColor;
				CODE_SIGN_ENTITLEMENTS = Checkpoint1/Checkpoint1.entitlements;
				CODE_SIGN_STYLE = Automatic;
				CURRENT_PROJECT_VERSION = 1;
				DEVELOPMENT_ASSET_PATHS = "\"Checkpoint1/Preview Content\"";
				ENABLE_PREVIEWS = YES;
				GENERATE_INFOPLIST_FILE = YES;
				"INFOPLIST_KEY_UIApplicationSceneManifest_Generation[sdk=iphoneos*]" = YES;
				"INFOPLIST_KEY_UIApplicationSceneManifest_Generation[sdk=iphonesimulator*]" = YES;
				"INFOPLIST_KEY_UIApplicationSupportsIndirectInputEvents[sdk=iphoneos*]" = YES;
				"INFOPLIST_KEY_UIApplicationSupportsIndirectInputEvents[sdk=iphonesimulator*]" = YES;
				"INFOPLIST_KEY_UILaunchScreen_Generation[sdk=iphoneos*]" = YES;
				"INFOPLIST_KEY_UILaunchScreen_Generation[sdk=iphonesimulator*]" = YES;
				"INFOPLIST_KEY_UIStatusBarStyle[sdk=iphoneos*]" = UIStatusBarStyleDefault;
				"INFOPLIST_KEY_UIStatusBarStyle[sdk=iphonesimulator*]" = UIStatusBarStyleDefault;
				INFOPLIST_KEY_UISupportedInterfaceOrientations_iPad = "UIInterfaceOrientationPortrait UIInterfaceOrientationPortraitUpsideDown UIInterfaceOrientationLandscapeLeft UIInterfaceOrientationLandscapeRight";
				INFOPLIST_KEY_UISupportedInterfaceOrientations_iPhone = "UIInterfaceOrientationPortrait UIInterfaceOrientationLandscapeLeft UIInterfaceOrientationLandscapeRight";
				IPHONEOS_DEPLOYMENT_TARGET = 16.2;
				LD_RUNPATH_SEARCH_PATHS = "@executable_path/Frameworks";
				"LD_RUNPATH_SEARCH_PATHS[sdk=macosx*]" = "@executable_path/../Frameworks";
				MACOSX_DEPLOYMENT_TARGET = 13.1;
				MARKETING_VERSION = 1.0;
				PRODUCT_BUNDLE_IDENTIFIER = SwiftForBeginners.Checkpoint1;
				PRODUCT_NAME = "$(TARGET_NAME)";
				SDKROOT = auto;
				SUPPORTED_PLATFORMS = "iphoneos iphonesimulator macosx";
				SWIFT_EMIT_LOC_STRINGS = YES;
				SWIFT_VERSION = 5.0;
				TARGETED_DEVICE_FAMILY = "1,2";
			};
			name = Release;
		};
		5E559EB329885A54008472E7 /* Debug */ = {
			isa = XCBuildConfiguration;
			buildSettings = {
				ALWAYS_EMBED_SWIFT_STANDARD_LIBRARIES = YES;
				BUNDLE_LOADER = "$(TEST_HOST)";
				CODE_SIGN_STYLE = Automatic;
				CURRENT_PROJECT_VERSION = 1;
				GENERATE_INFOPLIST_FILE = YES;
				IPHONEOS_DEPLOYMENT_TARGET = 16.2;
				MACOSX_DEPLOYMENT_TARGET = 13.1;
				MARKETING_VERSION = 1.0;
				PRODUCT_BUNDLE_IDENTIFIER = SwiftForBeginners.Checkpoint1Tests;
				PRODUCT_NAME = "$(TARGET_NAME)";
				SDKROOT = auto;
				SUPPORTED_PLATFORMS = "iphoneos iphonesimulator macosx";
				SWIFT_EMIT_LOC_STRINGS = NO;
				SWIFT_VERSION = 5.0;
				TARGETED_DEVICE_FAMILY = "1,2";
				TEST_HOST = "$(BUILT_PRODUCTS_DIR)/Checkpoint1.app/$(BUNDLE_EXECUTABLE_FOLDER_PATH)/Checkpoint1";
			};
			name = Debug;
		};
		5E559EB429885A54008472E7 /* Release */ = {
			isa = XCBuildConfiguration;
			buildSettings = {
				ALWAYS_EMBED_SWIFT_STANDARD_LIBRARIES = YES;
				BUNDLE_LOADER = "$(TEST_HOST)";
				CODE_SIGN_STYLE = Automatic;
				CURRENT_PROJECT_VERSION = 1;
				GENERATE_INFOPLIST_FILE = YES;
				IPHONEOS_DEPLOYMENT_TARGET = 16.2;
				MACOSX_DEPLOYMENT_TARGET = 13.1;
				MARKETING_VERSION = 1.0;
				PRODUCT_BUNDLE_IDENTIFIER = SwiftForBeginners.Checkpoint1Tests;
				PRODUCT_NAME = "$(TARGET_NAME)";
				SDKROOT = auto;
				SUPPORTED_PLATFORMS = "iphoneos iphonesimulator macosx";
				SWIFT_EMIT_LOC_STRINGS = NO;
				SWIFT_VERSION = 5.0;
				TARGETED_DEVICE_FAMILY = "1,2";
				TEST_HOST = "$(BUILT_PRODUCTS_DIR)/Checkpoint1.app/$(BUNDLE_EXECUTABLE_FOLDER_PATH)/Checkpoint1";
			};
			name = Release;
		};
		5E559EB629885A54008472E7 /* Debug */ = {
			isa = XCBuildConfiguration;
			buildSettings = {
				ALWAYS_EMBED_SWIFT_STANDARD_LIBRARIES = YES;
				CODE_SIGN_STYLE = Automatic;
				CURRENT_PROJECT_VERSION = 1;
				GENERATE_INFOPLIST_FILE = YES;
				IPHONEOS_DEPLOYMENT_TARGET = 16.2;
				MACOSX_DEPLOYMENT_TARGET = 13.1;
				MARKETING_VERSION = 1.0;
				PRODUCT_BUNDLE_IDENTIFIER = SwiftForBeginners.Checkpoint1UITests;
				PRODUCT_NAME = "$(TARGET_NAME)";
				SDKROOT = auto;
				SUPPORTED_PLATFORMS = "iphoneos iphonesimulator macosx";
				SWIFT_EMIT_LOC_STRINGS = NO;
				SWIFT_VERSION = 5.0;
				TARGETED_DEVICE_FAMILY = "1,2";
				TEST_TARGET_NAME = Checkpoint1;
			};
			name = Debug;
		};
		5E559EB729885A54008472E7 /* Release */ = {
			isa = XCBuildConfiguration;
			buildSettings = {
				ALWAYS_EMBED_SWIFT_STANDARD_LIBRARIES = YES;
				CODE_SIGN_STYLE = Automatic;
				CURRENT_PROJECT_VERSION = 1;
				GENERATE_INFOPLIST_FILE = YES;
				IPHONEOS_DEPLOYMENT_TARGET = 16.2;
				MACOSX_DEPLOYMENT_TARGET = 13.1;
				MARKETING_VERSION = 1.0;
				PRODUCT_BUNDLE_IDENTIFIER = SwiftForBeginners.Checkpoint1UITests;
				PRODUCT_NAME = "$(TARGET_NAME)";
				SDKROOT = auto;
				SUPPORTED_PLATFORMS = "iphoneos iphonesimulator macosx";
				SWIFT_EMIT_LOC_STRINGS = NO;
				SWIFT_VERSION = 5.0;
				TARGETED_DEVICE_FAMILY = "1,2";
				TEST_TARGET_NAME = Checkpoint1;
			};
			name = Release;
		};
/* End XCBuildConfiguration section */

/* Begin XCConfigurationList section */
		5E559E8529885A53008472E7 /* Build configuration list for PBXProject "Checkpoint1" */ = {
			isa = XCConfigurationList;
			buildConfigurations = (
				5E559EAD29885A54008472E7 /* Debug */,
				5E559EAE29885A54008472E7 /* Release */,
			);
			defaultConfigurationIsVisible = 0;
			defaultConfigurationName = Release;
		};
		5E559EAF29885A54008472E7 /* Build configuration list for PBXNativeTarget "Checkpoint1" */ = {
			isa = XCConfigurationList;
			buildConfigurations = (
				5E559EB029885A54008472E7 /* Debug */,
				5E559EB129885A54008472E7 /* Release */,
			);
			defaultConfigurationIsVisible = 0;
			defaultConfigurationName = Release;
		};
		5E559EB229885A54008472E7 /* Build configuration list for PBXNativeTarget "Checkpoint1Tests" */ = {
			isa = XCConfigurationList;
			buildConfigurations = (
				5E559EB329885A54008472E7 /* Debug */,
				5E559EB429885A54008472E7 /* Release */,
			);
			defaultConfigurationIsVisible = 0;
			defaultConfigurationName = Release;
		};
		5E559EB529885A54008472E7 /* Build configuration list for PBXNativeTarget "Checkpoint1UITests" */ = {
			isa = XCConfigurationList;
			buildConfigurations = (
				5E559EB629885A54008472E7 /* Debug */,
				5E559EB729885A54008472E7 /* Release */,
			);
			defaultConfigurationIsVisible = 0;
			defaultConfigurationName = Release;
		};
/* End XCConfigurationList section */
	};
	rootObject = 5E559E8229885A53008472E7 /* Project object */;
}
